
Microsoft Visual Studio Solution File, Format Version 12.00
# Visual Studio Version 17
VisualStudioVersion = 17.11.35312.102
MinimumVisualStudioVersion = 10.0.40219.1
Project("{FAE04EC0-301F-11D3-BF4B-00C04F79EFBC}") = "polymerclayinscheel", "polymerclayinscheel\polymerclayinscheel.csproj", "{74CC860D-6C75-4B6A-8B2D-E7DB8A7F1CF1}"
EndProject
Global
	GlobalSection(SolutionConfigurationPlatforms) = preSolution
		Debug|Any CPU = Debug|Any CPU
		Release|Any CPU = Release|Any CPU
	EndGlobalSection
	GlobalSection(ProjectConfigurationPlatforms) = postSolution
		{74CC860D-6C75-4B6A-8B2D-E7DB8A7F1CF1}.Debug|Any CPU.ActiveCfg = Debug|Any CPU
		{74CC860D-6C75-4B6A-8B2D-E7DB8A7F1CF1}.Debug|Any CPU.Build.0 = Debug|Any CPU
		{74CC860D-6C75-4B6A-8B2D-E7DB8A7F1CF1}.Release|Any CPU.ActiveCfg = Release|Any CPU
		{74CC860D-6C75-4B6A-8B2D-E7DB8A7F1CF1}.Release|Any CPU.Build.0 = Release|Any CPU
	EndGlobalSection
	GlobalSection(SolutionProperties) = preSolution
		HideSolutionNode = FALSE
	EndGlobalSection
	GlobalSection(ExtensibilityGlobals) = postSolution
		SolutionGuid = {B4709138-3699-42B8-9275-01B18673FCD1}
	EndGlobalSection
EndGlobal
